
Microsoft Visual Studio Solution File, Format Version 11.00
# Visual Basic Express 2010
Project("{F184B08F-C81C-45F6-A57F-5ABD9991F28F}") = "semaforo", "semaforo\semaforo.vbproj", "{E5417F56-8ABE-4410-8F12-FFDCDFD14EF3}"
EndProject
Global
	GlobalSection(SolutionConfigurationPlatforms) = preSolution
		Debug|x86 = Debug|x86
		Release|x86 = Release|x86
	EndGlobalSection
	GlobalSection(ProjectConfigurationPlatforms) = postSolution
		{E5417F56-8ABE-4410-8F12-FFDCDFD14EF3}.Debug|x86.ActiveCfg = Debug|x86
		{E5417F56-8ABE-4410-8F12-FFDCDFD14EF3}.Debug|x86.Build.0 = Debug|x86
		{E5417F56-8ABE-4410-8F12-FFDCDFD14EF3}.Release|x86.ActiveCfg = Release|x86
		{E5417F56-8ABE-4410-8F12-FFDCDFD14EF3}.Release|x86.Build.0 = Release|x86
	EndGlobalSection
	GlobalSection(SolutionProperties) = preSolution
		HideSolutionNode = FALSE
	EndGlobalSection
EndGlobal
